{
  "name": "react-tic-tac-toe",
  "version": "1.0.0",
  "lockfileVersion": 3,
  "requires": true,
  "packages": {
    "": {
      "name": "react-tic-tac-toe",
      "version": "1.0.0",
      "dependencies": {
        "react": "^18.2.0",
        "react-dom": "^18.2.0",
        "react-scripts": "5.0.1"
      },
      "devDependencies": {
        "@testing-library/jest-dom": "^5.17.0",
        "@testing-library/react": "^13.4.0",
        "@testing-library/user-event": "^13.5.0",
        "autoprefixer": "^10.4.16",
        "postcss": "^8.4.32",
        "tailwindcss": "^3.4.0"
      }
    },
    "node_modules/@testing-library/dom": {
      "version": "9.3.4",
      "resolved": "https://registry.npmjs.org/@testing-library/dom/-/dom-9.3.4.tgz",
      "integrity": "sha512-FlH1W6qKY2hWf8s5YJx2Yc2aW29e5tA2rTq1RJ9p7c715v23eD1YG1iQ2iY9a5g4X2Q302aJG9Q=="
    },
    "node_modules/@testing-library/jest-dom": {
      "version": "5.17.0",
      "resolved": "https://registry.npmjs.org/@testing-library/jest-dom/-/jest-dom-5.17.0.tgz",
      "integrity": "sha512-ynmNeT7asXyH3aQ4Q5ZJ2X783X83D60s3H53Z2y0Yg1NQ2488qL452k3547649E16666903b8f410c032061294",
      "dependencies": {
        "@adobe/css-tools": "^4.3.1",
        "@testing-library/dom": "^9.3.1",
        "aria-query": "^5.3.0",
        "chalk": "^4.1.2",
        "css.escape": "^1.5.1",
        "dom-accessibility-api": "^0.5.16",
        "lcid": "^3.0.0",
        "redent": "^3.0.0"
      }
    },
    "node_modules/@testing-library/react": {
      "version": "13.4.0",
      "resolved": "https://registry.npmjs.org/@testing-library/react/-/react-13.4.0.tgz",
      "integrity": "sha512-5ZQp7276x9f0X7Cg41m44h123qX57zGRpqb7ABx4JbE80U0XJW7X662d4wQq821Y836C5EWRXaY3Sg==",
      "peerDependencies": {
        "react": ">=18.0.0",
        "react-dom": ">=18.0.0"
      },
      "dependencies": {
        "@babel/runtime": "^7.23.2",
        "@testing-library/dom": "^9.3.1"
      }
    },
    "node_modules/@testing-library/user-event": {
      "version": "13.5.0",
      "resolved": "https://registry.npmjs.org/@testing-library/user-event/-/user-event-13.5.0.tgz",
      "integrity": "sha512-5Kf44Yz446qK2K83V3Ph97m1O9M3hA2cDzY882M3XbA6JQHxXJ3RyJ5k37VR7Y453322vxZk4p4i0VxvQ==",
      "peerDependencies": {
        "@testing-library/dom": ">=7.21.4"
      }
    },
    "node_modules/autoprefixer": {
      "version": "10.4.16",
      "resolved": "https://registry.npmjs.org/autoprefixer/-/autoprefixer-10.4.16.tgz",
      "integrity": "sha512-7vd0N1N8YsugQlzf1j5ptOD8R0LJ8y1Y8437Y5l2850mm5557K2c+R3Qx2v46qzV11z3xuE8v4gu+09Q==",
      "dependencies": {
        "browserslist": "^4.22.1",
        "caniuse-lite": "^1.0.30001561",
        "fraction.js": "^4.3.7",
        "normalize-range": "^0.1.2",
        "picocolors": "^1.0.0",
        "postcss-value-parser": "^4.2.0"
      }
    },
    "node_modules/postcss": {
      "version": "8.4.32",
      "resolved": "https://registry.npmjs.org/postcss/-/postcss-8.4.32.tgz",
      "integrity": "sha512-4R8272C32741148561738753f418841a1857702760430903934455585ff145446A==",
      "dependencies": {
        "nanoid": "^3.3.7",
        "picocolors": "^1.0.0",
        "source-map-js": "^1.0.2"
      }
    },
    "node_modules/tailwindcss": {
      "version": "3.4.0",
      "resolved": "https://registry.npmjs.org/tailwindcss/-/tailwindcss-3.4.0.tgz",
      "integrity": "sha512-58xe4RTJ333029360526c7D4y2N5618c8oR7256883805564905474218793f9574d593YQ==",
      "dependencies": {
        "@alloc/quick-lru": "^5.2.0",
        "arg": "^5.0.2",
        "chokidar": "^3.5.3",
        "didyoumean": "^1.2.2",
        "dlv": "^1.1.3",
        "fast-glob": "^3.3.2",
        "glob-parent": "^6.0.2",
        "is-glob": "^4.0.3",
        "jiti": "^1.21.0",
        "lilconfig": "^2.1.0",
        "lines-and-columns": "^1.2.4",
        "micromatch": "^4.0.5",
        "normalize-path": "^3.0.0",
        "object-hash": "^3.0.0",
        "picocolors": "^1.0.0",
        "postcss": "^8.4.32",
        "postcss-import": "^15.1.0",
        "postcss-js": "^4.0.1",
        "postcss-load-config": "^4.0.2",
        "postcss-nested": "^6.0.1",
        "postcss-selector-parser": "^6.0.13",
        "resolve": "^1.22.8",
        "sucrase": "^3.35.0"
      },
      "peerDependencies": {
        "postcss": "^8.0.9"
      }
    },
    "node_modules/react": {
      "version": "18.2.0",
      "resolved": "https://registry.npmjs.org/react/-/react-18.2.0.tgz",
      "integrity": "sha512-p409971793973999a5043f9f273245c4855974827701464384654474649320d7956cd774985444",
      "dependencies": {
        "loose-envify": "^1.4.0"
      }
    },
    "node_modules/react-dom": {
      "version": "18.2.0",
      "resolved": "https://registry.npmjs.org/react-dom/-/react-dom-18.2.0.tgz",
      "integrity": "sha512-p8g087C55783PZ8Z4Y267x4293lo229QE2848vJXev46Qg583x123456789",
      "peerDependencies": {
        "react": "^18.2.0"
      },
      "dependencies": {
        "loose-envify": "^1.4.0",
        "scheduler": "^0.23.0"
      }
    },
    "node_modules/react-scripts": {
      "version": "5.0.1",
      "resolved": "https://registry.npmjs.org/react-scripts/-/react-scripts-5.0.1.tgz",
      "integrity": "sha512-T4Jg2A8Q52477e8o05w4Q1Q927B820B03P8P5504Y2B8J7R2D7JL6D7J5J5J5A==",
      "dependencies": {
        "@babel/core": "^7.23.3",
        "@pmmmwh/react-refresh-webpack-plugin": "^0.5.11",
        "@svgr/webpack": "^8.1.0",
        "babel-jest": "^29.7.0",
        "babel-loader": "^9.1.3",
        "babel-plugin-named-asset-import": "^0.3.8",
        "babel-preset-react-app": "^10.0.1",
        "bfj": "^7.1.0",
        "browserslist": "^4.22.1",
        "camelcase": "^6.3.0",
        "case-sensitive-paths-webpack-plugin": "^2.4.0",
        "css-loader": "^6.8.1",
        "css-minimizer-webpack-plugin": "^5.0.1",
        "dotenv": "^16.3.1",
        "dotenv-expand": "^10.0.0",
        "eslint": "^8.56.0",
        "eslint-config-react-app": "^7.0.1",
        "eslint-webpack-plugin": "^4.0.1",
        "file-loader": "^6.2.0",
        "fs-extra": "^11.1.1",
        "html-webpack-plugin": "^5.6.0",
        "identity-obj-proxy": "^3.0.0",
        "jest": "^29.7.0",
        "jest-environment-node": "^29.7.0",
        "jest-resolve": "^29.7.0",
        "jest-watch-typeahead": "^2.2.2",
        "mini-css-extract-plugin": "^2.7.7",
        "postcss": "^8.4.32",
        "postcss-flexbugs-fixes": "^5.0.2",
        "postcss-loader": "^7.3.3",
        "postcss-normalize": "^10.0.1",
        "postcss-preset-env": "^9.3.0",
        "prompts": "^2.4.2",
        "react": "^18.2.0",
        "react-app-polyfill": "^3.0.0",
        "react-dev-utils": "^12.0.1",
        "react-refresh": "^0.14.0",
        "resolve": "^1.22.8",
        "resolve-url-loader": "^5.0.0",
        "sass-loader": "^13.3.2",
        "semver": "^7.5.4",
        "source-map-loader": "^4.0.2",
        "style-loader": "^3.3.3",
        "tailwindcss": "^3.4.0",
        "terser-webpack-plugin": "^5.3.9",
        "web-vitals": "^3.5.2",
        "webpack": "^5.89.0",
        "webpack-dev-server": "^4.15.1",
        "webpack-manifest-plugin": "^5.0.0",
        "workbox-webpack-plugin": "^7.0.0"
      },
      "optionalDependencies": {
        "fsevents": "^2.3.3"
      }
    }
  },
  "dependencies": {
    "@testing-library/jest-dom": {
      "version": "5.17.0",
      "resolved": "https://registry.npmjs.org/@testing-library/jest-dom/-/jest-dom-5.17.0.tgz",
      "integrity": "sha512-ynmNeT7asXyH3aQ4Q5ZJ2X783X83D60s3H53Z2y0Yg1NQ2488qL452k3547649E16666903b8f410c032061294"
    },
    "@testing-library/react": {
      "version": "13.4.0",
      "resolved": "https://registry.npmjs.org/@testing-library/react/-/react-13.4.0.tgz",
      "integrity": "sha512-5ZQp7276x9f0X7Cg41m44h123qX57zGRpqb7ABx4JbE80U0XJW7X662d4wQq821Y836C5EWRXaY3Sg=="
    },
    "@testing-library/user-event": {
      "version": "13.5.0",
      "resolved": "https://registry.npmjs.org/@testing-library/user-event/-/user-event-13.5.0.tgz",
      "integrity": "sha512-5Kf44Yz446qK2K83V3Ph97m1O9M3hA2cDzY882M3XbA6JQHxXJ3RyJ5k37VR7Y453322vxZk4p4i0VxvQ=="
    },
    "autoprefixer": {
      "version": "10.4.16",
      "resolved": "https://registry.npmjs.org/autoprefixer/-/autoprefixer-10.4.16.tgz",
      "integrity": "sha512-7vd0N1N8YsugQlzf1j5ptOD8R0LJ8y1Y8437Y5l2850mm5557K2c+R3Qx2v46qzV11z3xuE8v4gu+09Q=="
    },
    "postcss": {
      "version": "8.4.32",
      "resolved": "https://registry.npmjs.org/postcss/-/postcss-8.4.32.tgz",
      "integrity": "sha512-4R8272C32741148561738753f418841a1857702760430903934455585ff145446A=="
    },
    "react": {
      "version": "18.2.0",
      "resolved": "https://registry.npmjs.org/react/-/react-18.2.0.tgz",
      "integrity": "sha512-p409971793973999a5043f9f273245c4855974827701464384654474649320d7956cd774985444"
    },
    "react-dom": {
      "version": "18.2.0",
      "resolved": "https://registry.npmjs.org/react-dom/-/react-dom-18.2.0.tgz",
      "integrity": "sha512-p8g087C55783PZ8Z4Y267x4293lo229QE2848vJXev46Qg583x123456789"
    },
    "react-scripts": {
      "version": "5.0.1",
      "resolved": "https://registry.npmjs.org/react-scripts/-/react-scripts-5.0.1.tgz",
      "integrity": "sha512-T4Jg2A8Q52477e8o05w4Q1Q927B820B03P8P5504Y2B8J7R2D7JL6D7J5J5J5A=="
    },
    "tailwindcss": {
      "version": "3.4.0",
      "resolved": "https://registry.npmjs.org/tailwindcss/-/tailwindcss-3.4.0.tgz",
      "integrity": "sha512-58xe4RTJ333029360526c7D4y2N5618c8oR7256883805564905474218793f9574d593YQ=="
    }
  }
}